# This file was generated by Aiken
# You typically do not need to edit this file

[[requirements]]
name = "perturbing/stdlib"
version = "cb5a898d823bde1721505c9e944c98a62eebe2ee"
source = "github"

[[packages]]
name = "perturbing/stdlib"
version = "cb5a898d823bde1721505c9e944c98a62eebe2ee"
requirements = []
source = "github"

[etags]
